// !$*UTF8*$!
{
	archiveVersion = 1;
	classes = {
	};
	objectVersion = 46;
	objects = {

/* Begin PBXBuildFile section */
		A77A20AB1A9E787100B56D73 /* StateMachineLogic.swift in Sources */ = {isa = PBXBuildFile; fileRef = A77A20AA1A9E787100B56D73 /* StateMachineLogic.swift */; };
		A77A20AD1A9E78ED00B56D73 /* LinearStateMachineLogic.swift in Sources */ = {isa = PBXBuildFile; fileRef = A77A20AC1A9E78ED00B56D73 /* LinearStateMachineLogic.swift */; };
		A7A57F881A9B9229001BD3E3 /* AppDelegate.swift in Sources */ = {isa = PBXBuildFile; fileRef = A7A57F871A9B9229001BD3E3 /* AppDelegate.swift */; };
		A7A57F8F1A9B9229001BD3E3 /* Images.xcassets in Resources */ = {isa = PBXBuildFile; fileRef = A7A57F8E1A9B9229001BD3E3 /* Images.xcassets */; };
		A7A57F921A9B9229001BD3E3 /* LaunchScreen.xib in Resources */ = {isa = PBXBuildFile; fileRef = A7A57F901A9B9229001BD3E3 /* LaunchScreen.xib */; };
		A7A57FAB1A9B9285001BD3E3 /* NavigationState.swift in Sources */ = {isa = PBXBuildFile; fileRef = A7A57FA81A9B9285001BD3E3 /* NavigationState.swift */; };
		A7A57FAC1A9B9285001BD3E3 /* State.swift in Sources */ = {isa = PBXBuildFile; fileRef = A7A57FA91A9B9285001BD3E3 /* State.swift */; };
		A7A57FAD1A9B9285001BD3E3 /* ViewControllerStateMachine.swift in Sources */ = {isa = PBXBuildFile; fileRef = A7A57FAA1A9B9285001BD3E3 /* ViewControllerStateMachine.swift */; };
		A7A57FB01A9B932A001BD3E3 /* HomeViewController.swift in Sources */ = {isa = PBXBuildFile; fileRef = A7A57FAE1A9B9329001BD3E3 /* HomeViewController.swift */; };
		A7A57FB11A9B932A001BD3E3 /* HomeViewController.xib in Resources */ = {isa = PBXBuildFile; fileRef = A7A57FAF1A9B932A001BD3E3 /* HomeViewController.xib */; };
		A7A57FB41A9B93AE001BD3E3 /* LastNameViewController.swift in Sources */ = {isa = PBXBuildFile; fileRef = A7A57FB21A9B93AE001BD3E3 /* LastNameViewController.swift */; };
		A7A57FB51A9B93AE001BD3E3 /* LastNameViewController.xib in Resources */ = {isa = PBXBuildFile; fileRef = A7A57FB31A9B93AE001BD3E3 /* LastNameViewController.xib */; };
		A7A57FB81A9B941B001BD3E3 /* EndViewController.swift in Sources */ = {isa = PBXBuildFile; fileRef = A7A57FB61A9B941B001BD3E3 /* EndViewController.swift */; };
		A7A57FB91A9B941B001BD3E3 /* EndViewController.xib in Resources */ = {isa = PBXBuildFile; fileRef = A7A57FB71A9B941B001BD3E3 /* EndViewController.xib */; };
		A7A57FBB1A9B94B9001BD3E3 /* PersonStateMachine.swift in Sources */ = {isa = PBXBuildFile; fileRef = A7A57FBA1A9B94B9001BD3E3 /* PersonStateMachine.swift */; };
/* End PBXBuildFile section */

/* Begin PBXFileReference section */
		A77A20AA1A9E787100B56D73 /* StateMachineLogic.swift */ = {isa = PBXFileReference; fileEncoding = 4; lastKnownFileType = sourcecode.swift; name = StateMachineLogic.swift; path = ../../Source/StateMachineLogic.swift; sourceTree = "<group>"; };
		A77A20AC1A9E78ED00B56D73 /* LinearStateMachineLogic.swift */ = {isa = PBXFileReference; fileEncoding = 4; lastKnownFileType = sourcecode.swift; name = LinearStateMachineLogic.swift; path = ../../Source/LinearStateMachineLogic.swift; sourceTree = "<group>"; };
		A7A57F821A9B9229001BD3E3 /* PathwayExampleApp.app */ = {isa = PBXFileReference; explicitFileType = wrapper.application; includeInIndex = 0; path = PathwayExampleApp.app; sourceTree = BUILT_PRODUCTS_DIR; };
		A7A57F861A9B9229001BD3E3 /* Info.plist */ = {isa = PBXFileReference; lastKnownFileType = text.plist.xml; path = Info.plist; sourceTree = "<group>"; };
		A7A57F871A9B9229001BD3E3 /* AppDelegate.swift */ = {isa = PBXFileReference; lastKnownFileType = sourcecode.swift; path = AppDelegate.swift; sourceTree = "<group>"; };
		A7A57F8E1A9B9229001BD3E3 /* Images.xcassets */ = {isa = PBXFileReference; lastKnownFileType = folder.assetcatalog; path = Images.xcassets; sourceTree = "<group>"; };
		A7A57F911A9B9229001BD3E3 /* Base */ = {isa = PBXFileReference; lastKnownFileType = file.xib; name = Base; path = Base.lproj/LaunchScreen.xib; sourceTree = "<group>"; };
		A7A57FA81A9B9285001BD3E3 /* NavigationState.swift */ = {isa = PBXFileReference; fileEncoding = 4; lastKnownFileType = sourcecode.swift; name = NavigationState.swift; path = ../../Source/NavigationState.swift; sourceTree = "<group>"; };
		A7A57FA91A9B9285001BD3E3 /* State.swift */ = {isa = PBXFileReference; fileEncoding = 4; lastKnownFileType = sourcecode.swift; name = State.swift; path = ../../Source/State.swift; sourceTree = "<group>"; };
		A7A57FAA1A9B9285001BD3E3 /* ViewControllerStateMachine.swift */ = {isa = PBXFileReference; fileEncoding = 4; lastKnownFileType = sourcecode.swift; name = ViewControllerStateMachine.swift; path = ../../Source/ViewControllerStateMachine.swift; sourceTree = "<group>"; };
		A7A57FAE1A9B9329001BD3E3 /* HomeViewController.swift */ = {isa = PBXFileReference; fileEncoding = 4; lastKnownFileType = sourcecode.swift; path = HomeViewController.swift; sourceTree = "<group>"; };
		A7A57FAF1A9B932A001BD3E3 /* HomeViewController.xib */ = {isa = PBXFileReference; fileEncoding = 4; lastKnownFileType = file.xib; path = HomeViewController.xib; sourceTree = "<group>"; };
		A7A57FB21A9B93AE001BD3E3 /* LastNameViewController.swift */ = {isa = PBXFileReference; fileEncoding = 4; lastKnownFileType = sourcecode.swift; path = LastNameViewController.swift; sourceTree = "<group>"; };
		A7A57FB31A9B93AE001BD3E3 /* LastNameViewController.xib */ = {isa = PBXFileReference; fileEncoding = 4; lastKnownFileType = file.xib; path = LastNameViewController.xib; sourceTree = "<group>"; };
		A7A57FB61A9B941B001BD3E3 /* EndViewController.swift */ = {isa = PBXFileReference; fileEncoding = 4; lastKnownFileType = sourcecode.swift; path = EndViewController.swift; sourceTree = "<group>"; };
		A7A57FB71A9B941B001BD3E3 /* EndViewController.xib */ = {isa = PBXFileReference; fileEncoding = 4; lastKnownFileType = file.xib; path = EndViewController.xib; sourceTree = "<group>"; };
		A7A57FBA1A9B94B9001BD3E3 /* PersonStateMachine.swift */ = {isa = PBXFileReference; fileEncoding = 4; lastKnownFileType = sourcecode.swift; path = PersonStateMachine.swift; sourceTree = "<group>"; };
/* End PBXFileReference section */

/* Begin PBXFrameworksBuildPhase section */
		A7A57F7F1A9B9229001BD3E3 /* Frameworks */ = {
			isa = PBXFrameworksBuildPhase;
			buildActionMask = 2147483647;
			files = (
			);
			runOnlyForDeploymentPostprocessing = 0;
		};
/* End PBXFrameworksBuildPhase section */

/* Begin PBXGroup section */
		A7A57F791A9B9229001BD3E3 = {
			isa = PBXGroup;
			children = (
				A7A57F841A9B9229001BD3E3 /* PathwayExampleApp */,
				A7A57F831A9B9229001BD3E3 /* Products */,
			);
			sourceTree = "<group>";
		};
		A7A57F831A9B9229001BD3E3 /* Products */ = {
			isa = PBXGroup;
			children = (
				A7A57F821A9B9229001BD3E3 /* PathwayExampleApp.app */,
			);
			name = Products;
			sourceTree = "<group>";
		};
		A7A57F841A9B9229001BD3E3 /* PathwayExampleApp */ = {
			isa = PBXGroup;
			children = (
				A7A57FA71A9B924E001BD3E3 /* Pathway */,
				A7A57F871A9B9229001BD3E3 /* AppDelegate.swift */,
				A7A57FBA1A9B94B9001BD3E3 /* PersonStateMachine.swift */,
				A7A57FAE1A9B9329001BD3E3 /* HomeViewController.swift */,
				A7A57FAF1A9B932A001BD3E3 /* HomeViewController.xib */,
				A7A57FB21A9B93AE001BD3E3 /* LastNameViewController.swift */,
				A7A57FB31A9B93AE001BD3E3 /* LastNameViewController.xib */,
				A7A57FB61A9B941B001BD3E3 /* EndViewController.swift */,
				A7A57FB71A9B941B001BD3E3 /* EndViewController.xib */,
				A7A57F8E1A9B9229001BD3E3 /* Images.xcassets */,
				A7A57F901A9B9229001BD3E3 /* LaunchScreen.xib */,
				A7A57F851A9B9229001BD3E3 /* Supporting Files */,
			);
			path = PathwayExampleApp;
			sourceTree = "<group>";
		};
		A7A57F851A9B9229001BD3E3 /* Supporting Files */ = {
			isa = PBXGroup;
			children = (
				A7A57F861A9B9229001BD3E3 /* Info.plist */,
			);
			name = "Supporting Files";
			sourceTree = "<group>";
		};
		A7A57FA71A9B924E001BD3E3 /* Pathway */ = {
			isa = PBXGroup;
			children = (
				A7A57FA81A9B9285001BD3E3 /* NavigationState.swift */,
				A7A57FA91A9B9285001BD3E3 /* State.swift */,
				A7A57FAA1A9B9285001BD3E3 /* ViewControllerStateMachine.swift */,
				A77A20AA1A9E787100B56D73 /* StateMachineLogic.swift */,
				A77A20AC1A9E78ED00B56D73 /* LinearStateMachineLogic.swift */,
			);
			name = Pathway;
			sourceTree = "<group>";
		};
/* End PBXGroup section */

/* Begin PBXNativeTarget section */
		A7A57F811A9B9229001BD3E3 /* PathwayExampleApp */ = {
			isa = PBXNativeTarget;
			buildConfigurationList = A7A57FA11A9B9229001BD3E3 /* Build configuration list for PBXNativeTarget "PathwayExampleApp" */;
			buildPhases = (
				A7A57F7E1A9B9229001BD3E3 /* Sources */,
				A7A57F7F1A9B9229001BD3E3 /* Frameworks */,
				A7A57F801A9B9229001BD3E3 /* Resources */,
			);
			buildRules = (
			);
			dependencies = (
			);
			name = PathwayExampleApp;
			productName = PathwayExampleApp;
			productReference = A7A57F821A9B9229001BD3E3 /* PathwayExampleApp.app */;
			productType = "com.apple.product-type.application";
		};
/* End PBXNativeTarget section */

/* Begin PBXProject section */
		A7A57F7A1A9B9229001BD3E3 /* Project object */ = {
			isa = PBXProject;
			attributes = {
				LastUpgradeCheck = 0610;
				ORGANIZATIONNAME = "Scott Williams";
				TargetAttributes = {
					A7A57F811A9B9229001BD3E3 = {
						CreatedOnToolsVersion = 6.1.1;
					};
				};
			};
			buildConfigurationList = A7A57F7D1A9B9229001BD3E3 /* Build configuration list for PBXProject "PathwayExampleApp" */;
			compatibilityVersion = "Xcode 3.2";
			developmentRegion = English;
			hasScannedForEncodings = 0;
			knownRegions = (
				en,
				Base,
			);
			mainGroup = A7A57F791A9B9229001BD3E3;
			productRefGroup = A7A57F831A9B9229001BD3E3 /* Products */;
			projectDirPath = "";
			projectRoot = "";
			targets = (
				A7A57F811A9B9229001BD3E3 /* PathwayExampleApp */,
			);
		};
/* End PBXProject section */

/* Begin PBXResourcesBuildPhase section */
		A7A57F801A9B9229001BD3E3 /* Resources */ = {
			isa = PBXResourcesBuildPhase;
			buildActionMask = 2147483647;
			files = (
				A7A57F921A9B9229001BD3E3 /* LaunchScreen.xib in Resources */,
				A7A57F8F1A9B9229001BD3E3 /* Images.xcassets in Resources */,
				A7A57FB91A9B941B001BD3E3 /* EndViewController.xib in Resources */,
				A7A57FB11A9B932A001BD3E3 /* HomeViewController.xib in Resources */,
				A7A57FB51A9B93AE001BD3E3 /* LastNameViewController.xib in Resources */,
			);
			runOnlyForDeploymentPostprocessing = 0;
		};
/* End PBXResourcesBuildPhase section */

/* Begin PBXSourcesBuildPhase section */
		A7A57F7E1A9B9229001BD3E3 /* Sources */ = {
			isa = PBXSourcesBuildPhase;
			buildActionMask = 2147483647;
			files = (
				A7A57FBB1A9B94B9001BD3E3 /* PersonStateMachine.swift in Sources */,
				A7A57FB01A9B932A001BD3E3 /* HomeViewController.swift in Sources */,
				A7A57FAD1A9B9285001BD3E3 /* ViewControllerStateMachine.swift in Sources */,
				A7A57FAB1A9B9285001BD3E3 /* NavigationState.swift in Sources */,
				A7A57FB81A9B941B001BD3E3 /* EndViewController.swift in Sources */,
				A77A20AB1A9E787100B56D73 /* StateMachineLogic.swift in Sources */,
				A7A57FB41A9B93AE001BD3E3 /* LastNameViewController.swift in Sources */,
				A7A57F881A9B9229001BD3E3 /* AppDelegate.swift in Sources */,
				A7A57FAC1A9B9285001BD3E3 /* State.swift in Sources */,
				A77A20AD1A9E78ED00B56D73 /* LinearStateMachineLogic.swift in Sources */,
			);
			runOnlyForDeploymentPostprocessing = 0;
		};
/* End PBXSourcesBuildPhase section */

/* Begin PBXVariantGroup section */
		A7A57F901A9B9229001BD3E3 /* LaunchScreen.xib */ = {
			isa = PBXVariantGroup;
			children = (
				A7A57F911A9B9229001BD3E3 /* Base */,
			);
			name = LaunchScreen.xib;
			sourceTree = "<group>";
		};
/* End PBXVariantGroup section */

/* Begin XCBuildConfiguration section */
		A7A57F9F1A9B9229001BD3E3 /* Debug */ = {
			isa = XCBuildConfiguration;
			buildSettings = {
				ALWAYS_SEARCH_USER_PATHS = NO;
				CLANG_CXX_LANGUAGE_STANDARD = "gnu++0x";
				CLANG_CXX_LIBRARY = "libc++";
				CLANG_ENABLE_MODULES = YES;
				CLANG_ENABLE_OBJC_ARC = YES;
				CLANG_WARN_BOOL_CONVERSION = YES;
				CLANG_WARN_CONSTANT_CONVERSION = YES;
				CLANG_WARN_DIRECT_OBJC_ISA_USAGE = YES_ERROR;
				CLANG_WARN_EMPTY_BODY = YES;
				CLANG_WARN_ENUM_CONVERSION = YES;
				CLANG_WARN_INT_CONVERSION = YES;
				CLANG_WARN_OBJC_ROOT_CLASS = YES_ERROR;
				CLANG_WARN_UNREACHABLE_CODE = YES;
				CLANG_WARN__DUPLICATE_METHOD_MATCH = YES;
				"CODE_SIGN_IDENTITY[sdk=iphoneos*]" = "iPhone Developer";
				COPY_PHASE_STRIP = NO;
				ENABLE_STRICT_OBJC_MSGSEND = YES;
				GCC_C_LANGUAGE_STANDARD = gnu99;
				GCC_DYNAMIC_NO_PIC = NO;
				GCC_OPTIMIZATION_LEVEL = 0;
				GCC_PREPROCESSOR_DEFINITIONS = (
					"DEBUG=1",
					"$(inherited)",
				);
				GCC_SYMBOLS_PRIVATE_EXTERN = NO;
				GCC_WARN_64_TO_32_BIT_CONVERSION = YES;
				GCC_WARN_ABOUT_RETURN_TYPE = YES_ERROR;
				GCC_WARN_UNDECLARED_SELECTOR = YES;
				GCC_WARN_UNINITIALIZED_AUTOS = YES_AGGRESSIVE;
				GCC_WARN_UNUSED_FUNCTION = YES;
				GCC_WARN_UNUSED_VARIABLE = YES;
				IPHONEOS_DEPLOYMENT_TARGET = 8.1;
				MTL_ENABLE_DEBUG_INFO = YES;
				ONLY_ACTIVE_ARCH = YES;
				SDKROOT = iphoneos;
				SWIFT_OPTIMIZATION_LEVEL = "-Onone";
			};
			name = Debug;
		};
		A7A57FA01A9B9229001BD3E3 /* Release */ = {
			isa = XCBuildConfiguration;
			buildSettings = {
				ALWAYS_SEARCH_USER_PATHS = NO;
				CLANG_CXX_LANGUAGE_STANDARD = "gnu++0x";
				CLANG_CXX_LIBRARY = "libc++";
				CLANG_ENABLE_MODULES = YES;
				CLANG_ENABLE_OBJC_ARC = YES;
				CLANG_WARN_BOOL_CONVERSION = YES;
				CLANG_WARN_CONSTANT_CONVERSION = YES;
				CLANG_WARN_DIRECT_OBJC_ISA_USAGE = YES_ERROR;
				CLANG_WARN_EMPTY_BODY = YES;
				CLANG_WARN_ENUM_CONVERSION = YES;
				CLANG_WARN_INT_CONVERSION = YES;
				CLANG_WARN_OBJC_ROOT_CLASS = YES_ERROR;
				CLANG_WARN_UNREACHABLE_CODE = YES;
				CLANG_WARN__DUPLICATE_METHOD_MATCH = YES;
				"CODE_SIGN_IDENTITY[sdk=iphoneos*]" = "iPhone Developer";
				COPY_PHASE_STRIP = YES;
				ENABLE_NS_ASSERTIONS = NO;
				ENABLE_STRICT_OBJC_MSGSEND = YES;
				GCC_C_LANGUAGE_STANDARD = gnu99;
				GCC_WARN_64_TO_32_BIT_CONVERSION = YES;
				GCC_WARN_ABOUT_RETURN_TYPE = YES_ERROR;
				GCC_WARN_UNDECLARED_SELECTOR = YES;
				GCC_WARN_UNINITIALIZED_AUTOS = YES_AGGRESSIVE;
				GCC_WARN_UNUSED_FUNCTION = YES;
				GCC_WARN_UNUSED_VARIABLE = YES;
				IPHONEOS_DEPLOYMENT_TARGET = 8.1;
				MTL_ENABLE_DEBUG_INFO = NO;
				SDKROOT = iphoneos;
				VALIDATE_PRODUCT = YES;
			};
			name = Release;
		};
		A7A57FA21A9B9229001BD3E3 /* Debug */ = {
			isa = XCBuildConfiguration;
			buildSettings = {
				ASSETCATALOG_COMPILER_APPICON_NAME = AppIcon;
				INFOPLIST_FILE = PathwayExampleApp/Info.plist;
				LD_RUNPATH_SEARCH_PATHS = "$(inherited) @executable_path/Frameworks";
				PRODUCT_NAME = "$(TARGET_NAME)";
			};
			name = Debug;
		};
		A7A57FA31A9B9229001BD3E3 /* Release */ = {
			isa = XCBuildConfiguration;
			buildSettings = {
				ASSETCATALOG_COMPILER_APPICON_NAME = AppIcon;
				INFOPLIST_FILE = PathwayExampleApp/Info.plist;
				LD_RUNPATH_SEARCH_PATHS = "$(inherited) @executable_path/Frameworks";
				PRODUCT_NAME = "$(TARGET_NAME)";
			};
			name = Release;
		};
/* End XCBuildConfiguration section */

/* Begin XCConfigurationList section */
		A7A57F7D1A9B9229001BD3E3 /* Build configuration list for PBXProject "PathwayExampleApp" */ = {
			isa = XCConfigurationList;
			buildConfigurations = (
				A7A57F9F1A9B9229001BD3E3 /* Debug */,
				A7A57FA01A9B9229001BD3E3 /* Release */,
			);
			defaultConfigurationIsVisible = 0;
			defaultConfigurationName = Release;
		};
		A7A57FA11A9B9229001BD3E3 /* Build configuration list for PBXNativeTarget "PathwayExampleApp" */ = {
			isa = XCConfigurationList;
			buildConfigurations = (
				A7A57FA21A9B9229001BD3E3 /* Debug */,
				A7A57FA31A9B9229001BD3E3 /* Release */,
			);
			defaultConfigurationIsVisible = 0;
			defaultConfigurationName = Release;
		};
/* End XCConfigurationList section */
	};
	rootObject = A7A57F7A1A9B9229001BD3E3 /* Project object */;
}
